
Microsoft Visual Studio Solution File, Format Version 12.00
# Visual Studio Version 17
VisualStudioVersion = 17.0.31903.59
MinimumVisualStudioVersion = 10.0.40219.1
Project("{9A19103F-16F7-4668-BE54-9A1E7A4F7556}") = "IceSync.WebApp", "IceSync.WebApp\IceSync.WebApp.csproj", "{D1C5B094-4F09-4849-8548-1F33A55DA295}"
EndProject
Project("{9A19103F-16F7-4668-BE54-9A1E7A4F7556}") = "IceSync.BackgroundServices", "IceSync.BackgroundServices\IceSync.BackgroundServices.csproj", "{24695591-CF46-47C8-A41D-98749C4C4D9B}"
EndProject
Project("{9A19103F-16F7-4668-BE54-9A1E7A4F7556}") = "IceSync.Application", "IceSync.Application\IceSync.Application.csproj", "{048C466D-A2A2-4888-AB57-DE605A1A5A88}"
EndProject
Project("{9A19103F-16F7-4668-BE54-9A1E7A4F7556}") = "IceSync.Infrastructure", "IceSync.Infrastructure\IceSync.Infrastructure.csproj", "{8B91C7C8-49FB-4B18-9080-2BDE1C0D5AC8}"
EndProject
Project("{FAE04EC0-301F-11D3-BF4B-00C04F79EFBC}") = "IceSync.Domain", "IceSync.Domain\IceSync.Domain.csproj", "{77E10313-1621-4C91-AE85-FABEEDD56DD8}"
EndProject
Global
	GlobalSection(SolutionConfigurationPlatforms) = preSolution
		Debug|Any CPU = Debug|Any CPU
		Release|Any CPU = Release|Any CPU
	EndGlobalSection
	GlobalSection(ProjectConfigurationPlatforms) = postSolution
		{D1C5B094-4F09-4849-8548-1F33A55DA295}.Debug|Any CPU.ActiveCfg = Debug|Any CPU
		{D1C5B094-4F09-4849-8548-1F33A55DA295}.Debug|Any CPU.Build.0 = Debug|Any CPU
		{D1C5B094-4F09-4849-8548-1F33A55DA295}.Release|Any CPU.ActiveCfg = Release|Any CPU
		{D1C5B094-4F09-4849-8548-1F33A55DA295}.Release|Any CPU.Build.0 = Release|Any CPU
		{24695591-CF46-47C8-A41D-98749C4C4D9B}.Debug|Any CPU.ActiveCfg = Debug|Any CPU
		{24695591-CF46-47C8-A41D-98749C4C4D9B}.Debug|Any CPU.Build.0 = Debug|Any CPU
		{24695591-CF46-47C8-A41D-98749C4C4D9B}.Release|Any CPU.ActiveCfg = Release|Any CPU
		{24695591-CF46-47C8-A41D-98749C4C4D9B}.Release|Any CPU.Build.0 = Release|Any CPU
		{048C466D-A2A2-4888-AB57-DE605A1A5A88}.Debug|Any CPU.ActiveCfg = Debug|Any CPU
		{048C466D-A2A2-4888-AB57-DE605A1A5A88}.Debug|Any CPU.Build.0 = Debug|Any CPU
		{048C466D-A2A2-4888-AB57-DE605A1A5A88}.Release|Any CPU.ActiveCfg = Release|Any CPU
		{048C466D-A2A2-4888-AB57-DE605A1A5A88}.Release|Any CPU.Build.0 = Release|Any CPU
		{8B91C7C8-49FB-4B18-9080-2BDE1C0D5AC8}.Debug|Any CPU.ActiveCfg = Debug|Any CPU
		{8B91C7C8-49FB-4B18-9080-2BDE1C0D5AC8}.Debug|Any CPU.Build.0 = Debug|Any CPU
		{8B91C7C8-49FB-4B18-9080-2BDE1C0D5AC8}.Release|Any CPU.ActiveCfg = Release|Any CPU
		{8B91C7C8-49FB-4B18-9080-2BDE1C0D5AC8}.Release|Any CPU.Build.0 = Release|Any CPU
		{77E10313-1621-4C91-AE85-FABEEDD56DD8}.Debug|Any CPU.ActiveCfg = Debug|Any CPU
		{77E10313-1621-4C91-AE85-FABEEDD56DD8}.Debug|Any CPU.Build.0 = Debug|Any CPU
		{77E10313-1621-4C91-AE85-FABEEDD56DD8}.Release|Any CPU.ActiveCfg = Release|Any CPU
		{77E10313-1621-4C91-AE85-FABEEDD56DD8}.Release|Any CPU.Build.0 = Release|Any CPU
	EndGlobalSection
	GlobalSection(SolutionProperties) = preSolution
		HideSolutionNode = FALSE
	EndGlobalSection
	GlobalSection(ExtensibilityGlobals) = postSolution
		SolutionGuid = {7E429806-75C4-4FC5-AABA-64000ACC4A9F}
	EndGlobalSection
EndGlobal
